
Microsoft Visual Studio Solution File, Format Version 12.00
# Visual Studio Version 16
VisualStudioVersion = 16.0.30503.244
MinimumVisualStudioVersion = 10.0.40219.1
Project("{FAE04EC0-301F-11D3-BF4B-00C04F79EFBC}") = "ChatsWorld", "ChatsWorld\ChatsWorld.csproj", "{B04649DF-D2DF-4446-A643-7A5BAB95A3A5}"
EndProject
Global
	GlobalSection(SolutionConfigurationPlatforms) = preSolution
		Debug|Any CPU = Debug|Any CPU
		Release|Any CPU = Release|Any CPU
	EndGlobalSection
	GlobalSection(ProjectConfigurationPlatforms) = postSolution
		{B04649DF-D2DF-4446-A643-7A5BAB95A3A5}.Debug|Any CPU.ActiveCfg = Debug|Any CPU
		{B04649DF-D2DF-4446-A643-7A5BAB95A3A5}.Debug|Any CPU.Build.0 = Debug|Any CPU
		{B04649DF-D2DF-4446-A643-7A5BAB95A3A5}.Release|Any CPU.ActiveCfg = Release|Any CPU
		{B04649DF-D2DF-4446-A643-7A5BAB95A3A5}.Release|Any CPU.Build.0 = Release|Any CPU
	EndGlobalSection
	GlobalSection(SolutionProperties) = preSolution
		HideSolutionNode = FALSE
	EndGlobalSection
	GlobalSection(ExtensibilityGlobals) = postSolution
		SolutionGuid = {D432A94A-6E09-4478-B909-2B8AC4622B4C}
	EndGlobalSection
EndGlobal
